
Microsoft Visual Studio Solution File, Format Version 12.00
# Visual Studio Version 17
VisualStudioVersion = 17.6.33815.320
MinimumVisualStudioVersion = 10.0.40219.1
Project("{FAE04EC0-301F-11D3-BF4B-00C04F79EFBC}") = "Authentication_IN_API", "Authentication_IN_API\Authentication_IN_API.csproj", "{B871372A-DD5F-4F17-B46A-0C88303247FE}"
EndProject
Global
	GlobalSection(SolutionConfigurationPlatforms) = preSolution
		Debug|Any CPU = Debug|Any CPU
		Release|Any CPU = Release|Any CPU
	EndGlobalSection
	GlobalSection(ProjectConfigurationPlatforms) = postSolution
		{B871372A-DD5F-4F17-B46A-0C88303247FE}.Debug|Any CPU.ActiveCfg = Debug|Any CPU
		{B871372A-DD5F-4F17-B46A-0C88303247FE}.Debug|Any CPU.Build.0 = Debug|Any CPU
		{B871372A-DD5F-4F17-B46A-0C88303247FE}.Release|Any CPU.ActiveCfg = Release|Any CPU
		{B871372A-DD5F-4F17-B46A-0C88303247FE}.Release|Any CPU.Build.0 = Release|Any CPU
	EndGlobalSection
	GlobalSection(SolutionProperties) = preSolution
		HideSolutionNode = FALSE
	EndGlobalSection
	GlobalSection(ExtensibilityGlobals) = postSolution
		SolutionGuid = {722BA787-93A7-4A42-A3B5-BBFE78A48EFE}
	EndGlobalSection
EndGlobal
